# THIS IS AN AUTOGENERATED FILE. DO NOT EDIT THIS FILE DIRECTLY.
# yarn lockfile v1


"@types/node@^20.10.7":
  version "20.10.7"
  resolved "https://registry.yarnpkg.com/@types/node/-/node-20.10.7.tgz#40fe8faf25418a75de9fe68a8775546732a3a901"
  integrity sha512-fRbIKb8C/Y2lXxB5eVMj4IU7xpdox0Lh8bUPEdtLysaylsml1hOOx1+STloRs/B9nf7C6kPRmmg/V7aQW7usNg==
  dependencies:
    undici-types "~5.26.4"

horatio@^0.1.1:
  version "0.1.1"
  resolved "https://registry.npmjs.org/horatio/-/horatio-0.1.1.tgz"
  integrity sha512-UmbYbji8VBI2RVeqPzDGsT0MB3zxJWItIjKC709JUXrs+TMCyw15nypjBMYuwY/nlldXS8swBNOylGSR/UGwpg==

prettier@^3.1.1:
  version "3.1.1"
  resolved "https://registry.yarnpkg.com/prettier/-/prettier-3.1.1.tgz#6ba9f23165d690b6cbdaa88cb0807278f7019848"
  integrity sha512-22UbSzg8luF4UuZtzgiUOfcGM8s4tjBv6dJRT7j275NXsy2jb4aJa4NNveul5x4eqlF1wuhuR2RElK71RvmVaw==

typescript@^5.3.3:
  version "5.3.3"
  resolved "https://registry.npmjs.org/typescript/-/typescript-5.3.3.tgz"
  integrity sha512-pXWcraxM0uxAS+tN0AG/BF2TyqmHO014Z070UsJ+pFvYuRSq8KH8DmWpnbXe0pEPDHXZV3FcAbJkijJ5oNEnWw==

undici-types@~5.26.4:
  version "5.26.5"
  resolved "https://registry.npmjs.org/undici-types/-/undici-types-5.26.5.tgz"
  integrity sha512-JlCMO+ehdEIKqlFxk6IfVoAUVmgz7cU7zD/h9XZ0qzeosSHmUJVOzSQvvYSYWXkFXC+IfLKSIffhv0sVZup6pA==
